// !$*UTF8*$!
{
	archiveVersion = 1;
	classes = {
	};
	objectVersion = 46;
	objects = {

/* Begin PBXBuildFile section */
		9B09A5C017F5798C00B56A6C /* nehe20.cpp in Sources */ = {isa = PBXBuildFile; fileRef = 9B09A5BE17F5798C00B56A6C /* nehe20.cpp */; };
		9B247B6A17E2620C003991A4 /* nehe13.cpp in Sources */ = {isa = PBXBuildFile; fileRef = 9B247B6817E2620C003991A4 /* nehe13.cpp */; };
		9B247B6F17E26694003991A4 /* nehe14.cpp in Sources */ = {isa = PBXBuildFile; fileRef = 9B247B6D17E26694003991A4 /* nehe14.cpp */; };
		9B2D5FFB17D9319F00C2577F /* nehe07.cpp in Sources */ = {isa = PBXBuildFile; fileRef = 9B2D5FF917D9319F00C2577F /* nehe07.cpp */; };
		9B33864C17F7F23100C7FB0C /* nehe21.cpp in Sources */ = {isa = PBXBuildFile; fileRef = 9B33864A17F7F23100C7FB0C /* nehe21.cpp */; };
		9B38EF7517D8004D008602CE /* nehe01.cpp in Sources */ = {isa = PBXBuildFile; fileRef = 9B38EF6717D8004D008602CE /* nehe01.cpp */; };
		9B38EF7617D8004D008602CE /* nehe02.cpp in Sources */ = {isa = PBXBuildFile; fileRef = 9B38EF6917D8004D008602CE /* nehe02.cpp */; };
		9B38EF7717D8004D008602CE /* nehe03.cpp in Sources */ = {isa = PBXBuildFile; fileRef = 9B38EF6B17D8004D008602CE /* nehe03.cpp */; };
		9B38EF7817D8004D008602CE /* nehe04.cpp in Sources */ = {isa = PBXBuildFile; fileRef = 9B38EF6D17D8004D008602CE /* nehe04.cpp */; };
		9B38EF7917D8004D008602CE /* nehe05.cpp in Sources */ = {isa = PBXBuildFile; fileRef = 9B38EF6F17D8004D008602CE /* nehe05.cpp */; };
		9B38EF7A17D8004D008602CE /* nehe06.cpp in Sources */ = {isa = PBXBuildFile; fileRef = 9B38EF7117D8004D008602CE /* nehe06.cpp */; };
		9B38EF7B17D8004D008602CE /* utils.cpp in Sources */ = {isa = PBXBuildFile; fileRef = 9B38EF7317D8004D008602CE /* utils.cpp */; };
		9B38EF8117D85E9A008602CE /* libSOIL.a in Frameworks */ = {isa = PBXBuildFile; fileRef = 9B38EF8017D85E9A008602CE /* libSOIL.a */; };
		9B38EF8517D8616E008602CE /* CoreFoundation.framework in Frameworks */ = {isa = PBXBuildFile; fileRef = 9B38EF8417D8616E008602CE /* CoreFoundation.framework */; };
		9B53B1511802771D0032616F /* nehe27.cpp in Sources */ = {isa = PBXBuildFile; fileRef = 9B53B14F1802771D0032616F /* nehe27.cpp */; };
		9B6E171F17E6B6E4008FB146 /* nehe17.cpp in Sources */ = {isa = PBXBuildFile; fileRef = 9B6E171D17E6B6E4008FB146 /* nehe17.cpp */; };
		9B6E172217E6E82C008FB146 /* nehe18.cpp in Sources */ = {isa = PBXBuildFile; fileRef = 9B6E172017E6E82C008FB146 /* nehe18.cpp */; };
		9B7E8A0217F90AE00046AF78 /* nehe22.cpp in Sources */ = {isa = PBXBuildFile; fileRef = 9B7E8A0017F90AE00046AF78 /* nehe22.cpp */; };
		9B81BFF417BE181900232301 /* GLUT.framework in Frameworks */ = {isa = PBXBuildFile; fileRef = 9BF9A75F17BCBCF400396775 /* GLUT.framework */; };
		9B8D57F017DBE98500A5827B /* nehe10.cpp in Sources */ = {isa = PBXBuildFile; fileRef = 9B8D57EE17DBE98500A5827B /* nehe10.cpp */; };
		9B8F384117E673D600E922EC /* nehe16.cpp in Sources */ = {isa = PBXBuildFile; fileRef = 9B8F383F17E673D600E922EC /* nehe16.cpp */; };
		9B98D48017FF747300914BAE /* nehe23.cpp in Sources */ = {isa = PBXBuildFile; fileRef = 9B98D47E17FF747300914BAE /* nehe23.cpp */; };
		9B98D48318009ABE00914BAE /* nehe24.cpp in Sources */ = {isa = PBXBuildFile; fileRef = 9B98D48118009ABE00914BAE /* nehe24.cpp */; };
		9B98D4861800E71100914BAE /* nehe25.cpp in Sources */ = {isa = PBXBuildFile; fileRef = 9B98D4841800E71100914BAE /* nehe25.cpp */; };
		9BA282B518022324008BFE56 /* nehe26.cpp in Sources */ = {isa = PBXBuildFile; fileRef = 9BA282B318022324008BFE56 /* nehe26.cpp */; };
		9BBE178117DAE9D50041B4CA /* nehe08.cpp in Sources */ = {isa = PBXBuildFile; fileRef = 9BBE177F17DAE9D50041B4CA /* nehe08.cpp */; };
		9BBE178417DAF7A40041B4CA /* nehe09.cpp in Sources */ = {isa = PBXBuildFile; fileRef = 9BBE178217DAF7A40041B4CA /* nehe09.cpp */; };
		9BEE507E17E0D9AC00124603 /* nehe11.cpp in Sources */ = {isa = PBXBuildFile; fileRef = 9BEE507C17E0D9AC00124603 /* nehe11.cpp */; };
		9BEE508117E124E600124603 /* nehe12.cpp in Sources */ = {isa = PBXBuildFile; fileRef = 9BEE507F17E124E600124603 /* nehe12.cpp */; };
		9BF0A39C17F4E7DD00F2299D /* nehe19.cpp in Sources */ = {isa = PBXBuildFile; fileRef = 9BF0A39A17F4E7DD00F2299D /* nehe19.cpp */; };
		9BF9A75917BCBCDD00396775 /* NeheGL.1 in CopyFiles */ = {isa = PBXBuildFile; fileRef = 9BF9A75817BCBCDD00396775 /* NeheGL.1 */; };
		9BF9A76217BCBCF900396775 /* OpenGL.framework in Frameworks */ = {isa = PBXBuildFile; fileRef = 9BF9A76117BCBCF900396775 /* OpenGL.framework */; };
		9BFD961017CF1DAE0036FDAB /* main.cpp in Sources */ = {isa = PBXBuildFile; fileRef = 9BFD960E17CF1DAE0036FDAB /* main.cpp */; };
/* End PBXBuildFile section */

/* Begin PBXCopyFilesBuildPhase section */
		9BF9A75117BCBCDD00396775 /* CopyFiles */ = {
			isa = PBXCopyFilesBuildPhase;
			buildActionMask = 2147483647;
			dstPath = /usr/share/man/man1/;
			dstSubfolderSpec = 0;
			files = (
				9BF9A75917BCBCDD00396775 /* NeheGL.1 in CopyFiles */,
			);
			runOnlyForDeploymentPostprocessing = 1;
		};
/* End PBXCopyFilesBuildPhase section */

/* Begin PBXFileReference section */
		9B09A5BE17F5798C00B56A6C /* nehe20.cpp */ = {isa = PBXFileReference; fileEncoding = 4; lastKnownFileType = sourcecode.cpp.cpp; path = nehe20.cpp; sourceTree = "<group>"; };
		9B09A5BF17F5798C00B56A6C /* nehe20.h */ = {isa = PBXFileReference; fileEncoding = 4; lastKnownFileType = sourcecode.c.h; path = nehe20.h; sourceTree = "<group>"; };
		9B247B6817E2620C003991A4 /* nehe13.cpp */ = {isa = PBXFileReference; fileEncoding = 4; lastKnownFileType = sourcecode.cpp.cpp; path = nehe13.cpp; sourceTree = "<group>"; };
		9B247B6917E2620C003991A4 /* nehe13.h */ = {isa = PBXFileReference; fileEncoding = 4; lastKnownFileType = sourcecode.c.h; path = nehe13.h; sourceTree = "<group>"; };
		9B247B6C17E26630003991A4 /* img */ = {isa = PBXFileReference; lastKnownFileType = folder; path = img; sourceTree = "<group>"; };
		9B247B6D17E26694003991A4 /* nehe14.cpp */ = {isa = PBXFileReference; fileEncoding = 4; lastKnownFileType = sourcecode.cpp.cpp; path = nehe14.cpp; sourceTree = "<group>"; };
		9B247B6E17E26694003991A4 /* nehe14.h */ = {isa = PBXFileReference; fileEncoding = 4; lastKnownFileType = sourcecode.c.h; path = nehe14.h; sourceTree = "<group>"; };
		9B2D5FF917D9319F00C2577F /* nehe07.cpp */ = {isa = PBXFileReference; fileEncoding = 4; lastKnownFileType = sourcecode.cpp.cpp; path = nehe07.cpp; sourceTree = "<group>"; };
		9B2D5FFA17D9319F00C2577F /* nehe07.h */ = {isa = PBXFileReference; fileEncoding = 4; lastKnownFileType = sourcecode.c.h; path = nehe07.h; sourceTree = "<group>"; };
		9B33864A17F7F23100C7FB0C /* nehe21.cpp */ = {isa = PBXFileReference; fileEncoding = 4; lastKnownFileType = sourcecode.cpp.cpp; path = nehe21.cpp; sourceTree = "<group>"; };
		9B33864B17F7F23100C7FB0C /* nehe21.h */ = {isa = PBXFileReference; fileEncoding = 4; lastKnownFileType = sourcecode.c.h; path = nehe21.h; sourceTree = "<group>"; };
		9B38EF6717D8004D008602CE /* nehe01.cpp */ = {isa = PBXFileReference; fileEncoding = 4; lastKnownFileType = sourcecode.cpp.cpp; path = nehe01.cpp; sourceTree = "<group>"; };
		9B38EF6817D8004D008602CE /* nehe01.h */ = {isa = PBXFileReference; fileEncoding = 4; lastKnownFileType = sourcecode.c.h; path = nehe01.h; sourceTree = "<group>"; };
		9B38EF6917D8004D008602CE /* nehe02.cpp */ = {isa = PBXFileReference; fileEncoding = 4; lastKnownFileType = sourcecode.cpp.cpp; path = nehe02.cpp; sourceTree = "<group>"; };
		9B38EF6A17D8004D008602CE /* nehe02.h */ = {isa = PBXFileReference; fileEncoding = 4; lastKnownFileType = sourcecode.c.h; path = nehe02.h; sourceTree = "<group>"; };
		9B38EF6B17D8004D008602CE /* nehe03.cpp */ = {isa = PBXFileReference; fileEncoding = 4; lastKnownFileType = sourcecode.cpp.cpp; path = nehe03.cpp; sourceTree = "<group>"; };
		9B38EF6C17D8004D008602CE /* nehe03.h */ = {isa = PBXFileReference; fileEncoding = 4; lastKnownFileType = sourcecode.c.h; path = nehe03.h; sourceTree = "<group>"; };
		9B38EF6D17D8004D008602CE /* nehe04.cpp */ = {isa = PBXFileReference; fileEncoding = 4; lastKnownFileType = sourcecode.cpp.cpp; path = nehe04.cpp; sourceTree = "<group>"; };
		9B38EF6E17D8004D008602CE /* nehe04.h */ = {isa = PBXFileReference; fileEncoding = 4; lastKnownFileType = sourcecode.c.h; path = nehe04.h; sourceTree = "<group>"; };
		9B38EF6F17D8004D008602CE /* nehe05.cpp */ = {isa = PBXFileReference; fileEncoding = 4; lastKnownFileType = sourcecode.cpp.cpp; path = nehe05.cpp; sourceTree = "<group>"; };
		9B38EF7017D8004D008602CE /* nehe05.h */ = {isa = PBXFileReference; fileEncoding = 4; lastKnownFileType = sourcecode.c.h; path = nehe05.h; sourceTree = "<group>"; };
		9B38EF7117D8004D008602CE /* nehe06.cpp */ = {isa = PBXFileReference; fileEncoding = 4; lastKnownFileType = sourcecode.cpp.cpp; path = nehe06.cpp; sourceTree = "<group>"; };
		9B38EF7217D8004D008602CE /* nehe06.h */ = {isa = PBXFileReference; fileEncoding = 4; lastKnownFileType = sourcecode.c.h; path = nehe06.h; sourceTree = "<group>"; };
		9B38EF7317D8004D008602CE /* utils.cpp */ = {isa = PBXFileReference; fileEncoding = 4; lastKnownFileType = sourcecode.cpp.cpp; path = utils.cpp; sourceTree = "<group>"; };
		9B38EF7417D8004D008602CE /* utils.h */ = {isa = PBXFileReference; fileEncoding = 4; lastKnownFileType = sourcecode.c.h; path = utils.h; sourceTree = "<group>"; };
		9B38EF7D17D85DDC008602CE /* SOIL.h */ = {isa = PBXFileReference; fileEncoding = 4; lastKnownFileType = sourcecode.c.h; path = SOIL.h; sourceTree = "<group>"; };
		9B38EF7E17D85E4A008602CE /* lib */ = {isa = PBXFileReference; lastKnownFileType = folder; path = lib; sourceTree = "<group>"; };
		9B38EF8017D85E9A008602CE /* libSOIL.a */ = {isa = PBXFileReference; lastKnownFileType = archive.ar; name = libSOIL.a; path = NeheGL/lib/libSOIL.a; sourceTree = "<group>"; };
		9B38EF8417D8616E008602CE /* CoreFoundation.framework */ = {isa = PBXFileReference; lastKnownFileType = wrapper.framework; name = CoreFoundation.framework; path = System/Library/Frameworks/CoreFoundation.framework; sourceTree = SDKROOT; };
		9B53B14F1802771D0032616F /* nehe27.cpp */ = {isa = PBXFileReference; fileEncoding = 4; lastKnownFileType = sourcecode.cpp.cpp; path = nehe27.cpp; sourceTree = "<group>"; };
		9B53B1501802771D0032616F /* nehe27.h */ = {isa = PBXFileReference; fileEncoding = 4; lastKnownFileType = sourcecode.c.h; path = nehe27.h; sourceTree = "<group>"; };
		9B6E171D17E6B6E4008FB146 /* nehe17.cpp */ = {isa = PBXFileReference; fileEncoding = 4; lastKnownFileType = sourcecode.cpp.cpp; path = nehe17.cpp; sourceTree = "<group>"; };
		9B6E171E17E6B6E4008FB146 /* nehe17.h */ = {isa = PBXFileReference; fileEncoding = 4; lastKnownFileType = sourcecode.c.h; path = nehe17.h; sourceTree = "<group>"; };
		9B6E172017E6E82C008FB146 /* nehe18.cpp */ = {isa = PBXFileReference; fileEncoding = 4; lastKnownFileType = sourcecode.cpp.cpp; path = nehe18.cpp; sourceTree = "<group>"; };
		9B6E172117E6E82C008FB146 /* nehe18.h */ = {isa = PBXFileReference; fileEncoding = 4; lastKnownFileType = sourcecode.c.h; path = nehe18.h; sourceTree = "<group>"; };
		9B7E8A0017F90AE00046AF78 /* nehe22.cpp */ = {isa = PBXFileReference; fileEncoding = 4; lastKnownFileType = sourcecode.cpp.cpp; path = nehe22.cpp; sourceTree = "<group>"; };
		9B7E8A0117F90AE00046AF78 /* nehe22.h */ = {isa = PBXFileReference; fileEncoding = 4; lastKnownFileType = sourcecode.c.h; path = nehe22.h; sourceTree = "<group>"; };
		9B8D57EE17DBE98500A5827B /* nehe10.cpp */ = {isa = PBXFileReference; fileEncoding = 4; lastKnownFileType = sourcecode.cpp.cpp; path = nehe10.cpp; sourceTree = "<group>"; };
		9B8D57EF17DBE98500A5827B /* nehe10.h */ = {isa = PBXFileReference; fileEncoding = 4; lastKnownFileType = sourcecode.c.h; path = nehe10.h; sourceTree = "<group>"; };
		9B8F383F17E673D600E922EC /* nehe16.cpp */ = {isa = PBXFileReference; fileEncoding = 4; lastKnownFileType = sourcecode.cpp.cpp; path = nehe16.cpp; sourceTree = "<group>"; };
		9B8F384017E673D600E922EC /* nehe16.h */ = {isa = PBXFileReference; fileEncoding = 4; lastKnownFileType = sourcecode.c.h; path = nehe16.h; sourceTree = "<group>"; };
		9B98D47E17FF747300914BAE /* nehe23.cpp */ = {isa = PBXFileReference; fileEncoding = 4; lastKnownFileType = sourcecode.cpp.cpp; path = nehe23.cpp; sourceTree = "<group>"; };
		9B98D47F17FF747300914BAE /* nehe23.h */ = {isa = PBXFileReference; fileEncoding = 4; lastKnownFileType = sourcecode.c.h; path = nehe23.h; sourceTree = "<group>"; };
		9B98D48118009ABE00914BAE /* nehe24.cpp */ = {isa = PBXFileReference; fileEncoding = 4; lastKnownFileType = sourcecode.cpp.cpp; path = nehe24.cpp; sourceTree = "<group>"; };
		9B98D48218009ABE00914BAE /* nehe24.h */ = {isa = PBXFileReference; fileEncoding = 4; lastKnownFileType = sourcecode.c.h; path = nehe24.h; sourceTree = "<group>"; };
		9B98D4841800E71100914BAE /* nehe25.cpp */ = {isa = PBXFileReference; fileEncoding = 4; lastKnownFileType = sourcecode.cpp.cpp; path = nehe25.cpp; sourceTree = "<group>"; };
		9B98D4851800E71100914BAE /* nehe25.h */ = {isa = PBXFileReference; fileEncoding = 4; lastKnownFileType = sourcecode.c.h; path = nehe25.h; sourceTree = "<group>"; };
		9BA282B318022324008BFE56 /* nehe26.cpp */ = {isa = PBXFileReference; fileEncoding = 4; lastKnownFileType = sourcecode.cpp.cpp; path = nehe26.cpp; sourceTree = "<group>"; };
		9BA282B418022324008BFE56 /* nehe26.h */ = {isa = PBXFileReference; fileEncoding = 4; lastKnownFileType = sourcecode.c.h; path = nehe26.h; sourceTree = "<group>"; };
		9BBE177F17DAE9D50041B4CA /* nehe08.cpp */ = {isa = PBXFileReference; fileEncoding = 4; lastKnownFileType = sourcecode.cpp.cpp; path = nehe08.cpp; sourceTree = "<group>"; };
		9BBE178017DAE9D50041B4CA /* nehe08.h */ = {isa = PBXFileReference; fileEncoding = 4; lastKnownFileType = sourcecode.c.h; path = nehe08.h; sourceTree = "<group>"; };
		9BBE178217DAF7A40041B4CA /* nehe09.cpp */ = {isa = PBXFileReference; fileEncoding = 4; lastKnownFileType = sourcecode.cpp.cpp; path = nehe09.cpp; sourceTree = "<group>"; };
		9BBE178317DAF7A40041B4CA /* nehe09.h */ = {isa = PBXFileReference; fileEncoding = 4; lastKnownFileType = sourcecode.c.h; path = nehe09.h; sourceTree = "<group>"; };
		9BBE178517DB0C300041B4CA /* model */ = {isa = PBXFileReference; lastKnownFileType = folder; path = model; sourceTree = "<group>"; };
		9BEE507C17E0D9AC00124603 /* nehe11.cpp */ = {isa = PBXFileReference; fileEncoding = 4; lastKnownFileType = sourcecode.cpp.cpp; path = nehe11.cpp; sourceTree = "<group>"; };
		9BEE507D17E0D9AC00124603 /* nehe11.h */ = {isa = PBXFileReference; fileEncoding = 4; lastKnownFileType = sourcecode.c.h; path = nehe11.h; sourceTree = "<group>"; };
		9BEE507F17E124E600124603 /* nehe12.cpp */ = {isa = PBXFileReference; fileEncoding = 4; lastKnownFileType = sourcecode.cpp.cpp; path = nehe12.cpp; sourceTree = "<group>"; };
		9BEE508017E124E600124603 /* nehe12.h */ = {isa = PBXFileReference; fileEncoding = 4; lastKnownFileType = sourcecode.c.h; path = nehe12.h; sourceTree = "<group>"; };
		9BF0A39A17F4E7DD00F2299D /* nehe19.cpp */ = {isa = PBXFileReference; fileEncoding = 4; lastKnownFileType = sourcecode.cpp.cpp; path = nehe19.cpp; sourceTree = "<group>"; };
		9BF0A39B17F4E7DD00F2299D /* nehe19.h */ = {isa = PBXFileReference; fileEncoding = 4; lastKnownFileType = sourcecode.c.h; path = nehe19.h; sourceTree = "<group>"; };
		9BF9A75317BCBCDD00396775 /* NeheGL */ = {isa = PBXFileReference; explicitFileType = "compiled.mach-o.executable"; includeInIndex = 0; path = NeheGL; sourceTree = BUILT_PRODUCTS_DIR; };
		9BF9A75817BCBCDD00396775 /* NeheGL.1 */ = {isa = PBXFileReference; lastKnownFileType = text.man; path = NeheGL.1; sourceTree = "<group>"; };
		9BF9A75F17BCBCF400396775 /* GLUT.framework */ = {isa = PBXFileReference; lastKnownFileType = wrapper.framework; name = GLUT.framework; path = System/Library/Frameworks/GLUT.framework; sourceTree = SDKROOT; };
		9BF9A76117BCBCF900396775 /* OpenGL.framework */ = {isa = PBXFileReference; lastKnownFileType = wrapper.framework; name = OpenGL.framework; path = System/Library/Frameworks/OpenGL.framework; sourceTree = SDKROOT; };
		9BFD960E17CF1DAE0036FDAB /* main.cpp */ = {isa = PBXFileReference; fileEncoding = 4; lastKnownFileType = sourcecode.cpp.cpp; path = main.cpp; sourceTree = "<group>"; };
		9BFD961117CF45270036FDAB /* headers.h */ = {isa = PBXFileReference; lastKnownFileType = sourcecode.c.h; path = headers.h; sourceTree = "<group>"; };
/* End PBXFileReference section */

/* Begin PBXFrameworksBuildPhase section */
		9BF9A75017BCBCDD00396775 /* Frameworks */ = {
			isa = PBXFrameworksBuildPhase;
			buildActionMask = 2147483647;
			files = (
				9B38EF8517D8616E008602CE /* CoreFoundation.framework in Frameworks */,
				9B38EF8117D85E9A008602CE /* libSOIL.a in Frameworks */,
				9B81BFF417BE181900232301 /* GLUT.framework in Frameworks */,
				9BF9A76217BCBCF900396775 /* OpenGL.framework in Frameworks */,
			);
			runOnlyForDeploymentPostprocessing = 0;
		};
/* End PBXFrameworksBuildPhase section */

/* Begin PBXGroup section */
		9B38EF7C17D8006C008602CE /* nehe01-05 */ = {
			isa = PBXGroup;
			children = (
				9B38EF6717D8004D008602CE /* nehe01.cpp */,
				9B38EF6917D8004D008602CE /* nehe02.cpp */,
				9B38EF6B17D8004D008602CE /* nehe03.cpp */,
				9B38EF6D17D8004D008602CE /* nehe04.cpp */,
				9B38EF6F17D8004D008602CE /* nehe05.cpp */,
				9B38EF6817D8004D008602CE /* nehe01.h */,
				9B38EF6A17D8004D008602CE /* nehe02.h */,
				9B38EF6C17D8004D008602CE /* nehe03.h */,
				9B38EF6E17D8004D008602CE /* nehe04.h */,
				9B38EF7017D8004D008602CE /* nehe05.h */,
			);
			name = "nehe01-05";
			sourceTree = "<group>";
		};
		9B38EF7F17D85E67008602CE /* utils */ = {
			isa = PBXGroup;
			children = (
				9B38EF7D17D85DDC008602CE /* SOIL.h */,
				9B38EF7317D8004D008602CE /* utils.cpp */,
				9B38EF7417D8004D008602CE /* utils.h */,
			);
			name = utils;
			sourceTree = "<group>";
		};
		9B8D57F117DC6FAC00A5827B /* nehe06-10 */ = {
			isa = PBXGroup;
			children = (
				9B38EF7117D8004D008602CE /* nehe06.cpp */,
				9B2D5FF917D9319F00C2577F /* nehe07.cpp */,
				9BBE177F17DAE9D50041B4CA /* nehe08.cpp */,
				9BBE178217DAF7A40041B4CA /* nehe09.cpp */,
				9B8D57EE17DBE98500A5827B /* nehe10.cpp */,
				9B38EF7217D8004D008602CE /* nehe06.h */,
				9B2D5FFA17D9319F00C2577F /* nehe07.h */,
				9BBE178017DAE9D50041B4CA /* nehe08.h */,
				9BBE178317DAF7A40041B4CA /* nehe09.h */,
				9B8D57EF17DBE98500A5827B /* nehe10.h */,
			);
			name = "nehe06-10";
			sourceTree = "<group>";
		};
		9B8F384217E673E500E922EC /* nehe11-15 */ = {
			isa = PBXGroup;
			children = (
				9BEE507C17E0D9AC00124603 /* nehe11.cpp */,
				9BEE507F17E124E600124603 /* nehe12.cpp */,
				9B247B6817E2620C003991A4 /* nehe13.cpp */,
				9B247B6D17E26694003991A4 /* nehe14.cpp */,
				9BEE507D17E0D9AC00124603 /* nehe11.h */,
				9BEE508017E124E600124603 /* nehe12.h */,
				9B247B6917E2620C003991A4 /* nehe13.h */,
				9B247B6E17E26694003991A4 /* nehe14.h */,
			);
			name = "nehe11-15";
			sourceTree = "<group>";
		};
		9BA282B618022362008BFE56 /* nehe20-25 */ = {
			isa = PBXGroup;
			children = (
				9B33864A17F7F23100C7FB0C /* nehe21.cpp */,
				9B33864B17F7F23100C7FB0C /* nehe21.h */,
				9B7E8A0017F90AE00046AF78 /* nehe22.cpp */,
				9B7E8A0117F90AE00046AF78 /* nehe22.h */,
				9B98D47E17FF747300914BAE /* nehe23.cpp */,
				9B98D47F17FF747300914BAE /* nehe23.h */,
				9B98D48118009ABE00914BAE /* nehe24.cpp */,
				9B98D48218009ABE00914BAE /* nehe24.h */,
				9B98D4841800E71100914BAE /* nehe25.cpp */,
				9B98D4851800E71100914BAE /* nehe25.h */,
			);
			name = "nehe20-25";
			sourceTree = "<group>";
		};
		9BEE0A2917F589EC00D16EF2 /* nehe15-20 */ = {
			isa = PBXGroup;
			children = (
				9B8F383F17E673D600E922EC /* nehe16.cpp */,
				9B6E171D17E6B6E4008FB146 /* nehe17.cpp */,
				9B6E172017E6E82C008FB146 /* nehe18.cpp */,
				9BF0A39A17F4E7DD00F2299D /* nehe19.cpp */,
				9B09A5BE17F5798C00B56A6C /* nehe20.cpp */,
				9B8F384017E673D600E922EC /* nehe16.h */,
				9B6E171E17E6B6E4008FB146 /* nehe17.h */,
				9B6E172117E6E82C008FB146 /* nehe18.h */,
				9BF0A39B17F4E7DD00F2299D /* nehe19.h */,
				9B09A5BF17F5798C00B56A6C /* nehe20.h */,
			);
			name = "nehe15-20";
			sourceTree = "<group>";
		};
		9BF9A74A17BCBCDD00396775 = {
			isa = PBXGroup;
			children = (
				9B38EF8417D8616E008602CE /* CoreFoundation.framework */,
				9B38EF8017D85E9A008602CE /* libSOIL.a */,
				9BF9A76117BCBCF900396775 /* OpenGL.framework */,
				9BF9A75F17BCBCF400396775 /* GLUT.framework */,
				9BF9A75517BCBCDD00396775 /* NeheGL */,
				9BF9A75417BCBCDD00396775 /* Products */,
			);
			sourceTree = "<group>";
		};
		9BF9A75417BCBCDD00396775 /* Products */ = {
			isa = PBXGroup;
			children = (
				9BF9A75317BCBCDD00396775 /* NeheGL */,
			);
			name = Products;
			sourceTree = "<group>";
		};
		9BF9A75517BCBCDD00396775 /* NeheGL */ = {
			isa = PBXGroup;
			children = (
				9B247B6C17E26630003991A4 /* img */,
				9B38EF7E17D85E4A008602CE /* lib */,
				9BBE178517DB0C300041B4CA /* model */,
				9BF9A75817BCBCDD00396775 /* NeheGL.1 */,
				9BFD960E17CF1DAE0036FDAB /* main.cpp */,
				9BFD961117CF45270036FDAB /* headers.h */,
				9B38EF7C17D8006C008602CE /* nehe01-05 */,
				9B8D57F117DC6FAC00A5827B /* nehe06-10 */,
				9B38EF7F17D85E67008602CE /* utils */,
				9B8F384217E673E500E922EC /* nehe11-15 */,
				9BEE0A2917F589EC00D16EF2 /* nehe15-20 */,
				9BA282B618022362008BFE56 /* nehe20-25 */,
				9BA282B318022324008BFE56 /* nehe26.cpp */,
				9BA282B418022324008BFE56 /* nehe26.h */,
				9B53B14F1802771D0032616F /* nehe27.cpp */,
				9B53B1501802771D0032616F /* nehe27.h */,
			);
			path = NeheGL;
			sourceTree = "<group>";
		};
/* End PBXGroup section */

/* Begin PBXNativeTarget section */
		9BF9A75217BCBCDD00396775 /* NeheGL */ = {
			isa = PBXNativeTarget;
			buildConfigurationList = 9BF9A75C17BCBCDD00396775 /* Build configuration list for PBXNativeTarget "NeheGL" */;
			buildPhases = (
				9BF9A74F17BCBCDD00396775 /* Sources */,
				9BF9A75017BCBCDD00396775 /* Frameworks */,
				9BF9A75117BCBCDD00396775 /* CopyFiles */,
			);
			buildRules = (
			);
			dependencies = (
			);
			name = NeheGL;
			productName = NeheGL;
			productReference = 9BF9A75317BCBCDD00396775 /* NeheGL */;
			productType = "com.apple.product-type.tool";
		};
/* End PBXNativeTarget section */

/* Begin PBXProject section */
		9BF9A74B17BCBCDD00396775 /* Project object */ = {
			isa = PBXProject;
			attributes = {
				LastUpgradeCheck = 0500;
				ORGANIZATIONNAME = "Andong Li";
			};
			buildConfigurationList = 9BF9A74E17BCBCDD00396775 /* Build configuration list for PBXProject "NeheGL" */;
			compatibilityVersion = "Xcode 3.2";
			developmentRegion = English;
			hasScannedForEncodings = 0;
			knownRegions = (
				en,
			);
			mainGroup = 9BF9A74A17BCBCDD00396775;
			productRefGroup = 9BF9A75417BCBCDD00396775 /* Products */;
			projectDirPath = "";
			projectRoot = "";
			targets = (
				9BF9A75217BCBCDD00396775 /* NeheGL */,
			);
		};
/* End PBXProject section */

/* Begin PBXSourcesBuildPhase section */
		9BF9A74F17BCBCDD00396775 /* Sources */ = {
			isa = PBXSourcesBuildPhase;
			buildActionMask = 2147483647;
			files = (
				9B98D48017FF747300914BAE /* nehe23.cpp in Sources */,
				9BFD961017CF1DAE0036FDAB /* main.cpp in Sources */,
				9B38EF7517D8004D008602CE /* nehe01.cpp in Sources */,
				9B38EF7617D8004D008602CE /* nehe02.cpp in Sources */,
				9B38EF7717D8004D008602CE /* nehe03.cpp in Sources */,
				9B98D48318009ABE00914BAE /* nehe24.cpp in Sources */,
				9B38EF7817D8004D008602CE /* nehe04.cpp in Sources */,
				9B7E8A0217F90AE00046AF78 /* nehe22.cpp in Sources */,
				9BF0A39C17F4E7DD00F2299D /* nehe19.cpp in Sources */,
				9BA282B518022324008BFE56 /* nehe26.cpp in Sources */,
				9B09A5C017F5798C00B56A6C /* nehe20.cpp in Sources */,
				9B38EF7917D8004D008602CE /* nehe05.cpp in Sources */,
				9B38EF7A17D8004D008602CE /* nehe06.cpp in Sources */,
				9B38EF7B17D8004D008602CE /* utils.cpp in Sources */,
				9B2D5FFB17D9319F00C2577F /* nehe07.cpp in Sources */,
				9B33864C17F7F23100C7FB0C /* nehe21.cpp in Sources */,
				9BBE178117DAE9D50041B4CA /* nehe08.cpp in Sources */,
				9BBE178417DAF7A40041B4CA /* nehe09.cpp in Sources */,
				9B8D57F017DBE98500A5827B /* nehe10.cpp in Sources */,
				9BEE507E17E0D9AC00124603 /* nehe11.cpp in Sources */,
				9B53B1511802771D0032616F /* nehe27.cpp in Sources */,
				9BEE508117E124E600124603 /* nehe12.cpp in Sources */,
				9B247B6A17E2620C003991A4 /* nehe13.cpp in Sources */,
				9B247B6F17E26694003991A4 /* nehe14.cpp in Sources */,
				9B8F384117E673D600E922EC /* nehe16.cpp in Sources */,
				9B6E171F17E6B6E4008FB146 /* nehe17.cpp in Sources */,
				9B98D4861800E71100914BAE /* nehe25.cpp in Sources */,
				9B6E172217E6E82C008FB146 /* nehe18.cpp in Sources */,
			);
			runOnlyForDeploymentPostprocessing = 0;
		};
/* End PBXSourcesBuildPhase section */

/* Begin XCBuildConfiguration section */
		9BF9A75A17BCBCDD00396775 /* Debug */ = {
			isa = XCBuildConfiguration;
			buildSettings = {
				ALWAYS_SEARCH_USER_PATHS = NO;
				CLANG_CXX_LANGUAGE_STANDARD = "gnu++0x";
				CLANG_CXX_LIBRARY = "libc++";
				CLANG_ENABLE_OBJC_ARC = YES;
				CLANG_WARN_CONSTANT_CONVERSION = YES;
				CLANG_WARN_EMPTY_BODY = YES;
				CLANG_WARN_ENUM_CONVERSION = YES;
				CLANG_WARN_INT_CONVERSION = YES;
				CLANG_WARN__DUPLICATE_METHOD_MATCH = YES;
				COPY_PHASE_STRIP = NO;
				GCC_C_LANGUAGE_STANDARD = gnu99;
				GCC_DYNAMIC_NO_PIC = NO;
				GCC_ENABLE_OBJC_EXCEPTIONS = YES;
				GCC_OPTIMIZATION_LEVEL = 0;
				GCC_PREPROCESSOR_DEFINITIONS = (
					"DEBUG=1",
					"$(inherited)",
				);
				GCC_SYMBOLS_PRIVATE_EXTERN = NO;
				GCC_WARN_64_TO_32_BIT_CONVERSION = YES;
				GCC_WARN_ABOUT_RETURN_TYPE = YES;
				GCC_WARN_UNINITIALIZED_AUTOS = YES;
				GCC_WARN_UNUSED_VARIABLE = YES;
				MACOSX_DEPLOYMENT_TARGET = 10.8;
				ONLY_ACTIVE_ARCH = YES;
				SDKROOT = macosx;
			};
			name = Debug;
		};
		9BF9A75B17BCBCDD00396775 /* Release */ = {
			isa = XCBuildConfiguration;
			buildSettings = {
				ALWAYS_SEARCH_USER_PATHS = NO;
				CLANG_CXX_LANGUAGE_STANDARD = "gnu++0x";
				CLANG_CXX_LIBRARY = "libc++";
				CLANG_ENABLE_OBJC_ARC = YES;
				CLANG_WARN_CONSTANT_CONVERSION = YES;
				CLANG_WARN_EMPTY_BODY = YES;
				CLANG_WARN_ENUM_CONVERSION = YES;
				CLANG_WARN_INT_CONVERSION = YES;
				CLANG_WARN__DUPLICATE_METHOD_MATCH = YES;
				COPY_PHASE_STRIP = YES;
				DEBUG_INFORMATION_FORMAT = "dwarf-with-dsym";
				GCC_C_LANGUAGE_STANDARD = gnu99;
				GCC_ENABLE_OBJC_EXCEPTIONS = YES;
				GCC_WARN_64_TO_32_BIT_CONVERSION = YES;
				GCC_WARN_ABOUT_RETURN_TYPE = YES;
				GCC_WARN_UNINITIALIZED_AUTOS = YES;
				GCC_WARN_UNUSED_VARIABLE = YES;
				MACOSX_DEPLOYMENT_TARGET = 10.8;
				SDKROOT = macosx;
			};
			name = Release;
		};
		9BF9A75D17BCBCDD00396775 /* Debug */ = {
			isa = XCBuildConfiguration;
			buildSettings = {
				LIBRARY_SEARCH_PATHS = (
					"$(inherited)",
					"\"$(SRCROOT)/NeheGL/lib\"",
				);
				PRODUCT_NAME = "$(TARGET_NAME)";
			};
			name = Debug;
		};
		9BF9A75E17BCBCDD00396775 /* Release */ = {
			isa = XCBuildConfiguration;
			buildSettings = {
				LIBRARY_SEARCH_PATHS = (
					"$(inherited)",
					"\"$(SRCROOT)/NeheGL/lib\"",
				);
				PRODUCT_NAME = "$(TARGET_NAME)";
			};
			name = Release;
		};
/* End XCBuildConfiguration section */

/* Begin XCConfigurationList section */
		9BF9A74E17BCBCDD00396775 /* Build configuration list for PBXProject "NeheGL" */ = {
			isa = XCConfigurationList;
			buildConfigurations = (
				9BF9A75A17BCBCDD00396775 /* Debug */,
				9BF9A75B17BCBCDD00396775 /* Release */,
			);
			defaultConfigurationIsVisible = 0;
			defaultConfigurationName = Release;
		};
		9BF9A75C17BCBCDD00396775 /* Build configuration list for PBXNativeTarget "NeheGL" */ = {
			isa = XCConfigurationList;
			buildConfigurations = (
				9BF9A75D17BCBCDD00396775 /* Debug */,
				9BF9A75E17BCBCDD00396775 /* Release */,
			);
			defaultConfigurationIsVisible = 0;
			defaultConfigurationName = Release;
		};
/* End XCConfigurationList section */
	};
	rootObject = 9BF9A74B17BCBCDD00396775 /* Project object */;
}
