// !$*UTF8*$!
{
	archiveVersion = 1;
	classes = {
	};
	objectVersion = 46;
	objects = {

/* Begin PBXBuildFile section */
		9B06292417D2FC88006F840F /* nehe01.cpp in Sources */ = {isa = PBXBuildFile; fileRef = 9B06292317D2FC88006F840F /* nehe01.cpp */; };
		9B06292617D2FCC6006F840F /* nehe02.cpp in Sources */ = {isa = PBXBuildFile; fileRef = 9B06292517D2FCC6006F840F /* nehe02.cpp */; };
		9B06292817D2FD50006F840F /* nehe03.cpp in Sources */ = {isa = PBXBuildFile; fileRef = 9B06292717D2FD50006F840F /* nehe03.cpp */; };
		9B06292A17D2FD6F006F840F /* nehe04.cpp in Sources */ = {isa = PBXBuildFile; fileRef = 9B06292917D2FD6F006F840F /* nehe04.cpp */; };
		9B06293017D2FF48006F840F /* utils.cpp in Sources */ = {isa = PBXBuildFile; fileRef = 9B06292E17D2FF48006F840F /* utils.cpp */; };
		9B38EF4417D7D82F008602CE /* nehe05.cpp in Sources */ = {isa = PBXBuildFile; fileRef = 9B38EF4217D7D82F008602CE /* nehe05.cpp */; };
		9B81BFF417BE181900232301 /* GLUT.framework in Frameworks */ = {isa = PBXBuildFile; fileRef = 9BF9A75F17BCBCF400396775 /* GLUT.framework */; };
		9BF9A75917BCBCDD00396775 /* NeheGL.1 in CopyFiles */ = {isa = PBXBuildFile; fileRef = 9BF9A75817BCBCDD00396775 /* NeheGL.1 */; };
		9BF9A76217BCBCF900396775 /* OpenGL.framework in Frameworks */ = {isa = PBXBuildFile; fileRef = 9BF9A76117BCBCF900396775 /* OpenGL.framework */; };
		9BFD961017CF1DAE0036FDAB /* main.cpp in Sources */ = {isa = PBXBuildFile; fileRef = 9BFD960E17CF1DAE0036FDAB /* main.cpp */; };
/* End PBXBuildFile section */

/* Begin PBXCopyFilesBuildPhase section */
		9BF9A75117BCBCDD00396775 /* CopyFiles */ = {
			isa = PBXCopyFilesBuildPhase;
			buildActionMask = 2147483647;
			dstPath = /usr/share/man/man1/;
			dstSubfolderSpec = 0;
			files = (
				9BF9A75917BCBCDD00396775 /* NeheGL.1 in CopyFiles */,
			);
			runOnlyForDeploymentPostprocessing = 1;
		};
/* End PBXCopyFilesBuildPhase section */

/* Begin PBXFileReference section */
		9B06292317D2FC88006F840F /* nehe01.cpp */ = {isa = PBXFileReference; fileEncoding = 4; lastKnownFileType = sourcecode.cpp.cpp; path = nehe01.cpp; sourceTree = "<group>"; };
		9B06292517D2FCC6006F840F /* nehe02.cpp */ = {isa = PBXFileReference; fileEncoding = 4; lastKnownFileType = sourcecode.cpp.cpp; path = nehe02.cpp; sourceTree = "<group>"; };
		9B06292717D2FD50006F840F /* nehe03.cpp */ = {isa = PBXFileReference; fileEncoding = 4; lastKnownFileType = sourcecode.cpp.cpp; path = nehe03.cpp; sourceTree = "<group>"; };
		9B06292917D2FD6F006F840F /* nehe04.cpp */ = {isa = PBXFileReference; fileEncoding = 4; lastKnownFileType = sourcecode.cpp.cpp; path = nehe04.cpp; sourceTree = "<group>"; };
		9B06292E17D2FF48006F840F /* utils.cpp */ = {isa = PBXFileReference; fileEncoding = 4; lastKnownFileType = sourcecode.cpp.cpp; path = utils.cpp; sourceTree = "<group>"; };
		9B06292F17D2FF48006F840F /* utils.h */ = {isa = PBXFileReference; fileEncoding = 4; lastKnownFileType = sourcecode.c.h; path = utils.h; sourceTree = "<group>"; };
		9B38EF4217D7D82F008602CE /* nehe05.cpp */ = {isa = PBXFileReference; fileEncoding = 4; lastKnownFileType = sourcecode.cpp.cpp; path = nehe05.cpp; sourceTree = "<group>"; };
		9B38EF4317D7D82F008602CE /* nehe05.h */ = {isa = PBXFileReference; fileEncoding = 4; lastKnownFileType = sourcecode.c.h; path = nehe05.h; sourceTree = "<group>"; };
		9B56A3E517D07F6F0038CFA6 /* nehe03.h */ = {isa = PBXFileReference; lastKnownFileType = sourcecode.c.h; path = nehe03.h; sourceTree = "<group>"; };
		9B56A3E617D084FB0038CFA6 /* nehe04.h */ = {isa = PBXFileReference; lastKnownFileType = sourcecode.c.h; path = nehe04.h; sourceTree = "<group>"; };
		9B9E6FFD17BDEF9C0028FBE2 /* nehe01.h */ = {isa = PBXFileReference; fileEncoding = 4; lastKnownFileType = sourcecode.c.h; path = nehe01.h; sourceTree = "<group>"; };
		9BF9A75317BCBCDD00396775 /* NeheGL */ = {isa = PBXFileReference; explicitFileType = "compiled.mach-o.executable"; includeInIndex = 0; path = NeheGL; sourceTree = BUILT_PRODUCTS_DIR; };
		9BF9A75817BCBCDD00396775 /* NeheGL.1 */ = {isa = PBXFileReference; lastKnownFileType = text.man; path = NeheGL.1; sourceTree = "<group>"; };
		9BF9A75F17BCBCF400396775 /* GLUT.framework */ = {isa = PBXFileReference; lastKnownFileType = wrapper.framework; name = GLUT.framework; path = System/Library/Frameworks/GLUT.framework; sourceTree = SDKROOT; };
		9BF9A76117BCBCF900396775 /* OpenGL.framework */ = {isa = PBXFileReference; lastKnownFileType = wrapper.framework; name = OpenGL.framework; path = System/Library/Frameworks/OpenGL.framework; sourceTree = SDKROOT; };
		9BFD960C17CF16120036FDAB /* nehe02.h */ = {isa = PBXFileReference; fileEncoding = 4; lastKnownFileType = sourcecode.c.h; path = nehe02.h; sourceTree = "<group>"; };
		9BFD960E17CF1DAE0036FDAB /* main.cpp */ = {isa = PBXFileReference; fileEncoding = 4; lastKnownFileType = sourcecode.cpp.cpp; path = main.cpp; sourceTree = "<group>"; };
		9BFD961117CF45270036FDAB /* headers.h */ = {isa = PBXFileReference; lastKnownFileType = sourcecode.c.h; path = headers.h; sourceTree = "<group>"; };
/* End PBXFileReference section */

/* Begin PBXFrameworksBuildPhase section */
		9BF9A75017BCBCDD00396775 /* Frameworks */ = {
			isa = PBXFrameworksBuildPhase;
			buildActionMask = 2147483647;
			files = (
				9B81BFF417BE181900232301 /* GLUT.framework in Frameworks */,
				9BF9A76217BCBCF900396775 /* OpenGL.framework in Frameworks */,
			);
			runOnlyForDeploymentPostprocessing = 0;
		};
/* End PBXFrameworksBuildPhase section */

/* Begin PBXGroup section */
		9BF9A74A17BCBCDD00396775 = {
			isa = PBXGroup;
			children = (
				9BF9A76117BCBCF900396775 /* OpenGL.framework */,
				9BF9A75F17BCBCF400396775 /* GLUT.framework */,
				9BF9A75517BCBCDD00396775 /* NeheGL */,
				9BF9A75417BCBCDD00396775 /* Products */,
			);
			sourceTree = "<group>";
		};
		9BF9A75417BCBCDD00396775 /* Products */ = {
			isa = PBXGroup;
			children = (
				9BF9A75317BCBCDD00396775 /* NeheGL */,
			);
			name = Products;
			sourceTree = "<group>";
		};
		9BF9A75517BCBCDD00396775 /* NeheGL */ = {
			isa = PBXGroup;
			children = (
				9BF9A75817BCBCDD00396775 /* NeheGL.1 */,
				9BFD960E17CF1DAE0036FDAB /* main.cpp */,
				9B06292317D2FC88006F840F /* nehe01.cpp */,
				9B06292517D2FCC6006F840F /* nehe02.cpp */,
				9B06292717D2FD50006F840F /* nehe03.cpp */,
				9B06292917D2FD6F006F840F /* nehe04.cpp */,
				9B06292E17D2FF48006F840F /* utils.cpp */,
				9BFD961117CF45270036FDAB /* headers.h */,
				9B9E6FFD17BDEF9C0028FBE2 /* nehe01.h */,
				9BFD960C17CF16120036FDAB /* nehe02.h */,
				9B56A3E517D07F6F0038CFA6 /* nehe03.h */,
				9B56A3E617D084FB0038CFA6 /* nehe04.h */,
				9B06292F17D2FF48006F840F /* utils.h */,
				9B38EF4217D7D82F008602CE /* nehe05.cpp */,
				9B38EF4317D7D82F008602CE /* nehe05.h */,
			);
			path = NeheGL;
			sourceTree = "<group>";
		};
/* End PBXGroup section */

/* Begin PBXNativeTarget section */
		9BF9A75217BCBCDD00396775 /* NeheGL */ = {
			isa = PBXNativeTarget;
			buildConfigurationList = 9BF9A75C17BCBCDD00396775 /* Build configuration list for PBXNativeTarget "NeheGL" */;
			buildPhases = (
				9BF9A74F17BCBCDD00396775 /* Sources */,
				9BF9A75017BCBCDD00396775 /* Frameworks */,
				9BF9A75117BCBCDD00396775 /* CopyFiles */,
			);
			buildRules = (
			);
			dependencies = (
			);
			name = NeheGL;
			productName = NeheGL;
			productReference = 9BF9A75317BCBCDD00396775 /* NeheGL */;
			productType = "com.apple.product-type.tool";
		};
/* End PBXNativeTarget section */

/* Begin PBXProject section */
		9BF9A74B17BCBCDD00396775 /* Project object */ = {
			isa = PBXProject;
			attributes = {
				LastUpgradeCheck = 0460;
				ORGANIZATIONNAME = "Andong Li";
			};
			buildConfigurationList = 9BF9A74E17BCBCDD00396775 /* Build configuration list for PBXProject "NeheGL" */;
			compatibilityVersion = "Xcode 3.2";
			developmentRegion = English;
			hasScannedForEncodings = 0;
			knownRegions = (
				en,
			);
			mainGroup = 9BF9A74A17BCBCDD00396775;
			productRefGroup = 9BF9A75417BCBCDD00396775 /* Products */;
			projectDirPath = "";
			projectRoot = "";
			targets = (
				9BF9A75217BCBCDD00396775 /* NeheGL */,
			);
		};
/* End PBXProject section */

/* Begin PBXSourcesBuildPhase section */
		9BF9A74F17BCBCDD00396775 /* Sources */ = {
			isa = PBXSourcesBuildPhase;
			buildActionMask = 2147483647;
			files = (
				9BFD961017CF1DAE0036FDAB /* main.cpp in Sources */,
				9B06292417D2FC88006F840F /* nehe01.cpp in Sources */,
				9B06292617D2FCC6006F840F /* nehe02.cpp in Sources */,
				9B06292817D2FD50006F840F /* nehe03.cpp in Sources */,
				9B06292A17D2FD6F006F840F /* nehe04.cpp in Sources */,
				9B06293017D2FF48006F840F /* utils.cpp in Sources */,
				9B38EF4417D7D82F008602CE /* nehe05.cpp in Sources */,
			);
			runOnlyForDeploymentPostprocessing = 0;
		};
/* End PBXSourcesBuildPhase section */

/* Begin XCBuildConfiguration section */
		9BF9A75A17BCBCDD00396775 /* Debug */ = {
			isa = XCBuildConfiguration;
			buildSettings = {
				ALWAYS_SEARCH_USER_PATHS = NO;
				ARCHS = "$(ARCHS_STANDARD_64_BIT)";
				CLANG_CXX_LANGUAGE_STANDARD = "gnu++0x";
				CLANG_CXX_LIBRARY = "libc++";
				CLANG_ENABLE_OBJC_ARC = YES;
				CLANG_WARN_CONSTANT_CONVERSION = YES;
				CLANG_WARN_EMPTY_BODY = YES;
				CLANG_WARN_ENUM_CONVERSION = YES;
				CLANG_WARN_INT_CONVERSION = YES;
				CLANG_WARN__DUPLICATE_METHOD_MATCH = YES;
				COPY_PHASE_STRIP = NO;
				GCC_C_LANGUAGE_STANDARD = gnu99;
				GCC_DYNAMIC_NO_PIC = NO;
				GCC_ENABLE_OBJC_EXCEPTIONS = YES;
				GCC_OPTIMIZATION_LEVEL = 0;
				GCC_PREPROCESSOR_DEFINITIONS = (
					"DEBUG=1",
					"$(inherited)",
				);
				GCC_SYMBOLS_PRIVATE_EXTERN = NO;
				GCC_WARN_64_TO_32_BIT_CONVERSION = YES;
				GCC_WARN_ABOUT_RETURN_TYPE = YES;
				GCC_WARN_UNINITIALIZED_AUTOS = YES;
				GCC_WARN_UNUSED_VARIABLE = YES;
				MACOSX_DEPLOYMENT_TARGET = 10.8;
				ONLY_ACTIVE_ARCH = YES;
				SDKROOT = macosx;
			};
			name = Debug;
		};
		9BF9A75B17BCBCDD00396775 /* Release */ = {
			isa = XCBuildConfiguration;
			buildSettings = {
				ALWAYS_SEARCH_USER_PATHS = NO;
				ARCHS = "$(ARCHS_STANDARD_64_BIT)";
				CLANG_CXX_LANGUAGE_STANDARD = "gnu++0x";
				CLANG_CXX_LIBRARY = "libc++";
				CLANG_ENABLE_OBJC_ARC = YES;
				CLANG_WARN_CONSTANT_CONVERSION = YES;
				CLANG_WARN_EMPTY_BODY = YES;
				CLANG_WARN_ENUM_CONVERSION = YES;
				CLANG_WARN_INT_CONVERSION = YES;
				CLANG_WARN__DUPLICATE_METHOD_MATCH = YES;
				COPY_PHASE_STRIP = YES;
				DEBUG_INFORMATION_FORMAT = "dwarf-with-dsym";
				GCC_C_LANGUAGE_STANDARD = gnu99;
				GCC_ENABLE_OBJC_EXCEPTIONS = YES;
				GCC_WARN_64_TO_32_BIT_CONVERSION = YES;
				GCC_WARN_ABOUT_RETURN_TYPE = YES;
				GCC_WARN_UNINITIALIZED_AUTOS = YES;
				GCC_WARN_UNUSED_VARIABLE = YES;
				MACOSX_DEPLOYMENT_TARGET = 10.8;
				SDKROOT = macosx;
			};
			name = Release;
		};
		9BF9A75D17BCBCDD00396775 /* Debug */ = {
			isa = XCBuildConfiguration;
			buildSettings = {
				PRODUCT_NAME = "$(TARGET_NAME)";
			};
			name = Debug;
		};
		9BF9A75E17BCBCDD00396775 /* Release */ = {
			isa = XCBuildConfiguration;
			buildSettings = {
				PRODUCT_NAME = "$(TARGET_NAME)";
			};
			name = Release;
		};
/* End XCBuildConfiguration section */

/* Begin XCConfigurationList section */
		9BF9A74E17BCBCDD00396775 /* Build configuration list for PBXProject "NeheGL" */ = {
			isa = XCConfigurationList;
			buildConfigurations = (
				9BF9A75A17BCBCDD00396775 /* Debug */,
				9BF9A75B17BCBCDD00396775 /* Release */,
			);
			defaultConfigurationIsVisible = 0;
			defaultConfigurationName = Release;
		};
		9BF9A75C17BCBCDD00396775 /* Build configuration list for PBXNativeTarget "NeheGL" */ = {
			isa = XCConfigurationList;
			buildConfigurations = (
				9BF9A75D17BCBCDD00396775 /* Debug */,
				9BF9A75E17BCBCDD00396775 /* Release */,
			);
			defaultConfigurationIsVisible = 0;
			defaultConfigurationName = Release;
		};
/* End XCConfigurationList section */
	};
	rootObject = 9BF9A74B17BCBCDD00396775 /* Project object */;
}
